
Microsoft Visual Studio Solution File, Format Version 12.00
# Visual Studio 15
VisualStudioVersion = 15.0.28010.2041
MinimumVisualStudioVersion = 10.0.40219.1
Project("{2150E333-8FDC-42A3-9474-1A3956D46DE8}") = "src", "src", "{4F724288-1FCA-4D84-8D6C-C0E5F2BFB942}"
EndProject
Project("{9A19103F-16F7-4668-BE54-9A1E7A4F7556}") = "MediaToolkit", "src\MediaToolkit\MediaToolkit.csproj", "{C0BB8560-EDD0-4002-B863-9CD3FD5F9363}"
EndProject
Project("{2150E333-8FDC-42A3-9474-1A3956D46DE8}") = "example", "example", "{1C69D3C1-4BED-4F3D-A3F3-A78E1AF81580}"
EndProject
Project("{9A19103F-16F7-4668-BE54-9A1E7A4F7556}") = "Basic", "example\Basic\Basic.csproj", "{D36179BD-F9FF-41F1-B3C3-A35EE66456BD}"
EndProject
Project("{2150E333-8FDC-42A3-9474-1A3956D46DE8}") = "test", "test", "{1DC7F849-C816-46E5-B84D-711A02A6F95E}"
EndProject
Project("{9A19103F-16F7-4668-BE54-9A1E7A4F7556}") = "Tests", "test\Tests\Tests.csproj", "{7D6E00A0-6676-47A0-AC4B-A38FEE20F867}"
EndProject
Project("{9A19103F-16F7-4668-BE54-9A1E7A4F7556}") = "MediaToolkit.Web", "src\MediaToolkit.Web\MediaToolkit.Web.csproj", "{68A35D28-662E-41F4-8AA5-BF0F4932CAA2}"
EndProject
Global
	GlobalSection(SolutionConfigurationPlatforms) = preSolution
		Debug|Any CPU = Debug|Any CPU
		Release|Any CPU = Release|Any CPU
	EndGlobalSection
	GlobalSection(ProjectConfigurationPlatforms) = postSolution
		{C0BB8560-EDD0-4002-B863-9CD3FD5F9363}.Debug|Any CPU.ActiveCfg = Debug|Any CPU
		{C0BB8560-EDD0-4002-B863-9CD3FD5F9363}.Debug|Any CPU.Build.0 = Debug|Any CPU
		{C0BB8560-EDD0-4002-B863-9CD3FD5F9363}.Release|Any CPU.ActiveCfg = Release|Any CPU
		{C0BB8560-EDD0-4002-B863-9CD3FD5F9363}.Release|Any CPU.Build.0 = Release|Any CPU
		{D36179BD-F9FF-41F1-B3C3-A35EE66456BD}.Debug|Any CPU.ActiveCfg = Debug|Any CPU
		{D36179BD-F9FF-41F1-B3C3-A35EE66456BD}.Debug|Any CPU.Build.0 = Debug|Any CPU
		{D36179BD-F9FF-41F1-B3C3-A35EE66456BD}.Release|Any CPU.ActiveCfg = Release|Any CPU
		{D36179BD-F9FF-41F1-B3C3-A35EE66456BD}.Release|Any CPU.Build.0 = Release|Any CPU
		{7D6E00A0-6676-47A0-AC4B-A38FEE20F867}.Debug|Any CPU.ActiveCfg = Debug|Any CPU
		{7D6E00A0-6676-47A0-AC4B-A38FEE20F867}.Debug|Any CPU.Build.0 = Debug|Any CPU
		{7D6E00A0-6676-47A0-AC4B-A38FEE20F867}.Release|Any CPU.ActiveCfg = Release|Any CPU
		{7D6E00A0-6676-47A0-AC4B-A38FEE20F867}.Release|Any CPU.Build.0 = Release|Any CPU
		{68A35D28-662E-41F4-8AA5-BF0F4932CAA2}.Debug|Any CPU.ActiveCfg = Debug|Any CPU
		{68A35D28-662E-41F4-8AA5-BF0F4932CAA2}.Debug|Any CPU.Build.0 = Debug|Any CPU
		{68A35D28-662E-41F4-8AA5-BF0F4932CAA2}.Release|Any CPU.ActiveCfg = Release|Any CPU
		{68A35D28-662E-41F4-8AA5-BF0F4932CAA2}.Release|Any CPU.Build.0 = Release|Any CPU
	EndGlobalSection
	GlobalSection(SolutionProperties) = preSolution
		HideSolutionNode = FALSE
	EndGlobalSection
	GlobalSection(NestedProjects) = preSolution
		{C0BB8560-EDD0-4002-B863-9CD3FD5F9363} = {4F724288-1FCA-4D84-8D6C-C0E5F2BFB942}
		{D36179BD-F9FF-41F1-B3C3-A35EE66456BD} = {1C69D3C1-4BED-4F3D-A3F3-A78E1AF81580}
		{7D6E00A0-6676-47A0-AC4B-A38FEE20F867} = {1DC7F849-C816-46E5-B84D-711A02A6F95E}
		{68A35D28-662E-41F4-8AA5-BF0F4932CAA2} = {4F724288-1FCA-4D84-8D6C-C0E5F2BFB942}
	EndGlobalSection
	GlobalSection(ExtensibilityGlobals) = postSolution
		SolutionGuid = {C6BA44B7-98CA-4AC6-A26D-981B9EE03CD6}
	EndGlobalSection
	GlobalSection(CodealikeProperties) = postSolution
		SolutionGuid = 27b6e555-e1d3-4bc8-80b8-643a861a9917
	EndGlobalSection
EndGlobal
